
Microsoft Visual Studio Solution File, Format Version 12.00
# Visual Studio 15
VisualStudioVersion = 15.0.28307.329
MinimumVisualStudioVersion = 10.0.40219.1
Project("{8BC9CEB8-8B4A-11D0-8D11-00A0C91BC942}") = "test_Template_Member", "test_Template_Member\test_Template_Member.vcxproj", "{5FC64AB2-BD08-46C8-A444-E970A369220C}"
EndProject
Global
	GlobalSection(SolutionConfigurationPlatforms) = preSolution
		Debug|x64 = Debug|x64
		Debug|x86 = Debug|x86
		Release|x64 = Release|x64
		Release|x86 = Release|x86
	EndGlobalSection
	GlobalSection(ProjectConfigurationPlatforms) = postSolution
		{5FC64AB2-BD08-46C8-A444-E970A369220C}.Debug|x64.ActiveCfg = Debug|x64
		{5FC64AB2-BD08-46C8-A444-E970A369220C}.Debug|x64.Build.0 = Debug|x64
		{5FC64AB2-BD08-46C8-A444-E970A369220C}.Debug|x86.ActiveCfg = Debug|Win32
		{5FC64AB2-BD08-46C8-A444-E970A369220C}.Debug|x86.Build.0 = Debug|Win32
		{5FC64AB2-BD08-46C8-A444-E970A369220C}.Release|x64.ActiveCfg = Release|x64
		{5FC64AB2-BD08-46C8-A444-E970A369220C}.Release|x64.Build.0 = Release|x64
		{5FC64AB2-BD08-46C8-A444-E970A369220C}.Release|x86.ActiveCfg = Release|Win32
		{5FC64AB2-BD08-46C8-A444-E970A369220C}.Release|x86.Build.0 = Release|Win32
	EndGlobalSection
	GlobalSection(SolutionProperties) = preSolution
		HideSolutionNode = FALSE
	EndGlobalSection
	GlobalSection(ExtensibilityGlobals) = postSolution
		SolutionGuid = {5C2E95E6-D94C-4E5B-BC9F-C762589A4711}
	EndGlobalSection
EndGlobal
