
Microsoft Visual Studio Solution File, Format Version 12.00
# Visual Studio 15
VisualStudioVersion = 15.0.28307.329
MinimumVisualStudioVersion = 10.0.40219.1
Project("{8BC9CEB8-8B4A-11D0-8D11-00A0C91BC942}") = "Account", "Account\Account.vcxproj", "{B2B89387-83F3-4838-AD71-0B69EF733B6F}"
EndProject
Global
	GlobalSection(SolutionConfigurationPlatforms) = preSolution
		Debug|x64 = Debug|x64
		Debug|x86 = Debug|x86
		Release|x64 = Release|x64
		Release|x86 = Release|x86
	EndGlobalSection
	GlobalSection(ProjectConfigurationPlatforms) = postSolution
		{B2B89387-83F3-4838-AD71-0B69EF733B6F}.Debug|x64.ActiveCfg = Debug|x64
		{B2B89387-83F3-4838-AD71-0B69EF733B6F}.Debug|x64.Build.0 = Debug|x64
		{B2B89387-83F3-4838-AD71-0B69EF733B6F}.Debug|x86.ActiveCfg = Debug|Win32
		{B2B89387-83F3-4838-AD71-0B69EF733B6F}.Debug|x86.Build.0 = Debug|Win32
		{B2B89387-83F3-4838-AD71-0B69EF733B6F}.Release|x64.ActiveCfg = Release|x64
		{B2B89387-83F3-4838-AD71-0B69EF733B6F}.Release|x64.Build.0 = Release|x64
		{B2B89387-83F3-4838-AD71-0B69EF733B6F}.Release|x86.ActiveCfg = Release|Win32
		{B2B89387-83F3-4838-AD71-0B69EF733B6F}.Release|x86.Build.0 = Release|Win32
	EndGlobalSection
	GlobalSection(SolutionProperties) = preSolution
		HideSolutionNode = FALSE
	EndGlobalSection
	GlobalSection(ExtensibilityGlobals) = postSolution
		SolutionGuid = {9B16E149-0D38-4160-99FE-BA8DD1679D1E}
	EndGlobalSection
EndGlobal
